
Microsoft Visual Studio Solution File, Format Version 12.00
# Visual Studio Version 17
VisualStudioVersion = 17.0.31903.59
MinimumVisualStudioVersion = 10.0.40219.1
Project("{2150E333-8FDC-42A3-9474-1A3956D46DE8}") = "src", "src", "{C227FD6D-B1B0-4D0B-BB9F-F7A3280FD065}"
EndProject
Project("{9A19103F-16F7-4668-BE54-9A1E7A4F7556}") = "eCommerce.Domain", "src\eCommerce.Domain\eCommerce.Domain.csproj", "{DC147789-0FDD-4E06-BE47-191E432DD1E3}"
EndProject
Project("{9A19103F-16F7-4668-BE54-9A1E7A4F7556}") = "eCommerce.Data", "src\eCommerce.Data\eCommerce.Data.csproj", "{0B049D7E-13DE-4986-8DF7-AC542467A220}"
EndProject
Project("{9A19103F-16F7-4668-BE54-9A1E7A4F7556}") = "eCommerce.Service", "src\eCommerce.Service\eCommerce.Service.csproj", "{2FBAC301-5653-4661-9A15-59A24ACDE9E0}"
EndProject
Project("{9A19103F-16F7-4668-BE54-9A1E7A4F7556}") = "eCommerce.Web", "src\eCommerce.Web\eCommerce.Web.csproj", "{4BD7D9C5-4499-4DC3-AA57-A745222F1D65}"
EndProject
Global
	GlobalSection(SolutionConfigurationPlatforms) = preSolution
		Debug|Any CPU = Debug|Any CPU
		Release|Any CPU = Release|Any CPU
	EndGlobalSection
	GlobalSection(ProjectConfigurationPlatforms) = postSolution
		{DC147789-0FDD-4E06-BE47-191E432DD1E3}.Debug|Any CPU.ActiveCfg = Debug|Any CPU
		{DC147789-0FDD-4E06-BE47-191E432DD1E3}.Debug|Any CPU.Build.0 = Debug|Any CPU
		{DC147789-0FDD-4E06-BE47-191E432DD1E3}.Release|Any CPU.ActiveCfg = Release|Any CPU
		{DC147789-0FDD-4E06-BE47-191E432DD1E3}.Release|Any CPU.Build.0 = Release|Any CPU
		{0B049D7E-13DE-4986-8DF7-AC542467A220}.Debug|Any CPU.ActiveCfg = Debug|Any CPU
		{0B049D7E-13DE-4986-8DF7-AC542467A220}.Debug|Any CPU.Build.0 = Debug|Any CPU
		{0B049D7E-13DE-4986-8DF7-AC542467A220}.Release|Any CPU.ActiveCfg = Release|Any CPU
		{0B049D7E-13DE-4986-8DF7-AC542467A220}.Release|Any CPU.Build.0 = Release|Any CPU
		{2FBAC301-5653-4661-9A15-59A24ACDE9E0}.Debug|Any CPU.ActiveCfg = Debug|Any CPU
		{2FBAC301-5653-4661-9A15-59A24ACDE9E0}.Debug|Any CPU.Build.0 = Debug|Any CPU
		{2FBAC301-5653-4661-9A15-59A24ACDE9E0}.Release|Any CPU.ActiveCfg = Release|Any CPU
		{2FBAC301-5653-4661-9A15-59A24ACDE9E0}.Release|Any CPU.Build.0 = Release|Any CPU
		{4BD7D9C5-4499-4DC3-AA57-A745222F1D65}.Debug|Any CPU.ActiveCfg = Debug|Any CPU
		{4BD7D9C5-4499-4DC3-AA57-A745222F1D65}.Debug|Any CPU.Build.0 = Debug|Any CPU
		{4BD7D9C5-4499-4DC3-AA57-A745222F1D65}.Release|Any CPU.ActiveCfg = Release|Any CPU
		{4BD7D9C5-4499-4DC3-AA57-A745222F1D65}.Release|Any CPU.Build.0 = Release|Any CPU
	EndGlobalSection
	GlobalSection(SolutionProperties) = preSolution
		HideSolutionNode = FALSE
	EndGlobalSection
	GlobalSection(NestedProjects) = preSolution
		{DC147789-0FDD-4E06-BE47-191E432DD1E3} = {C227FD6D-B1B0-4D0B-BB9F-F7A3280FD065}
		{0B049D7E-13DE-4986-8DF7-AC542467A220} = {C227FD6D-B1B0-4D0B-BB9F-F7A3280FD065}
		{2FBAC301-5653-4661-9A15-59A24ACDE9E0} = {C227FD6D-B1B0-4D0B-BB9F-F7A3280FD065}
	EndGlobalSection
	GlobalSection(ExtensibilityGlobals) = postSolution
		SolutionGuid = {087380F0-2491-4CAC-9328-F9B954A070EB}
	EndGlobalSection
EndGlobal
