
Microsoft Visual Studio Solution File, Format Version 12.00
# Visual Studio Version 17
VisualStudioVersion = 17.0.31903.59
MinimumVisualStudioVersion = 10.0.40219.1
Project("{2150E333-8FDC-42A3-9474-1A3956D46DE8}") = "src", "src", "{C227FD6D-B1B0-4D0B-BB9F-F7A3280FD065}"
EndProject
Project("{FAE04EC0-301F-11D3-BF4B-00C04F79EFBC}") = "eCommerce.Mvc", "src\eCommerce.Mvc\eCommerce.Mvc.csproj", "{B433FCAA-BDCE-451B-813D-345BE639B9A0}"
EndProject
Project("{FAE04EC0-301F-11D3-BF4B-00C04F79EFBC}") = "eCommerce.Domain", "src\eCommerce.Domain\eCommerce.Domain.csproj", "{DC147789-0FDD-4E06-BE47-191E432DD1E3}"
EndProject
Project("{FAE04EC0-301F-11D3-BF4B-00C04F79EFBC}") = "eCommerce.Data", "src\eCommerce.Data\eCommerce.Data.csproj", "{0B049D7E-13DE-4986-8DF7-AC542467A220}"
EndProject
Project("{FAE04EC0-301F-11D3-BF4B-00C04F79EFBC}") = "eCommerce.Service", "src\eCommerce.Service\eCommerce.Service.csproj", "{2FBAC301-5653-4661-9A15-59A24ACDE9E0}"
EndProject
Global
	GlobalSection(SolutionConfigurationPlatforms) = preSolution
		Debug|Any CPU = Debug|Any CPU
		Release|Any CPU = Release|Any CPU
	EndGlobalSection
	GlobalSection(SolutionProperties) = preSolution
		HideSolutionNode = FALSE
	EndGlobalSection
	GlobalSection(ProjectConfigurationPlatforms) = postSolution
		{B433FCAA-BDCE-451B-813D-345BE639B9A0}.Debug|Any CPU.ActiveCfg = Debug|Any CPU
		{B433FCAA-BDCE-451B-813D-345BE639B9A0}.Debug|Any CPU.Build.0 = Debug|Any CPU
		{B433FCAA-BDCE-451B-813D-345BE639B9A0}.Release|Any CPU.ActiveCfg = Release|Any CPU
		{B433FCAA-BDCE-451B-813D-345BE639B9A0}.Release|Any CPU.Build.0 = Release|Any CPU
		{DC147789-0FDD-4E06-BE47-191E432DD1E3}.Debug|Any CPU.ActiveCfg = Debug|Any CPU
		{DC147789-0FDD-4E06-BE47-191E432DD1E3}.Debug|Any CPU.Build.0 = Debug|Any CPU
		{DC147789-0FDD-4E06-BE47-191E432DD1E3}.Release|Any CPU.ActiveCfg = Release|Any CPU
		{DC147789-0FDD-4E06-BE47-191E432DD1E3}.Release|Any CPU.Build.0 = Release|Any CPU
		{0B049D7E-13DE-4986-8DF7-AC542467A220}.Debug|Any CPU.ActiveCfg = Debug|Any CPU
		{0B049D7E-13DE-4986-8DF7-AC542467A220}.Debug|Any CPU.Build.0 = Debug|Any CPU
		{0B049D7E-13DE-4986-8DF7-AC542467A220}.Release|Any CPU.ActiveCfg = Release|Any CPU
		{0B049D7E-13DE-4986-8DF7-AC542467A220}.Release|Any CPU.Build.0 = Release|Any CPU
		{2FBAC301-5653-4661-9A15-59A24ACDE9E0}.Debug|Any CPU.ActiveCfg = Debug|Any CPU
		{2FBAC301-5653-4661-9A15-59A24ACDE9E0}.Debug|Any CPU.Build.0 = Debug|Any CPU
		{2FBAC301-5653-4661-9A15-59A24ACDE9E0}.Release|Any CPU.ActiveCfg = Release|Any CPU
		{2FBAC301-5653-4661-9A15-59A24ACDE9E0}.Release|Any CPU.Build.0 = Release|Any CPU
	EndGlobalSection
	GlobalSection(NestedProjects) = preSolution
		{B433FCAA-BDCE-451B-813D-345BE639B9A0} = {C227FD6D-B1B0-4D0B-BB9F-F7A3280FD065}
		{DC147789-0FDD-4E06-BE47-191E432DD1E3} = {C227FD6D-B1B0-4D0B-BB9F-F7A3280FD065}
		{0B049D7E-13DE-4986-8DF7-AC542467A220} = {C227FD6D-B1B0-4D0B-BB9F-F7A3280FD065}
		{2FBAC301-5653-4661-9A15-59A24ACDE9E0} = {C227FD6D-B1B0-4D0B-BB9F-F7A3280FD065}
	EndGlobalSection
EndGlobal
